// !$*UTF8*$!
{
	archiveVersion = 1;
	classes = {
	};
	objectVersion = 50;
	objects = {

/* Begin PBXBuildFile section */
		8E488A33228D60F200001289 /* Dictionary+Extension.swift in Sources */ = {isa = PBXBuildFile; fileRef = 8E488A32228D60F200001289 /* Dictionary+Extension.swift */; };
		8E488A3C228D641D00001289 /* Protocols.swift in Sources */ = {isa = PBXBuildFile; fileRef = 8E488A3B228D641D00001289 /* Protocols.swift */; };
		8E488A3E228D649E00001289 /* Log.swift in Sources */ = {isa = PBXBuildFile; fileRef = 8E488A3D228D649E00001289 /* Log.swift */; };
		8EB01EF0227A82B90036A0AB /* Alamofire.framework in Frameworks */ = {isa = PBXBuildFile; fileRef = 8EB01EE3227A81BA0036A0AB /* Alamofire.framework */; };
		8EB01EF1227A82B90036A0AB /* Alamofire.framework in Embed Frameworks */ = {isa = PBXBuildFile; fileRef = 8EB01EE3227A81BA0036A0AB /* Alamofire.framework */; settings = {ATTRIBUTES = (CodeSignOnCopy, RemoveHeadersOnCopy, ); }; };
		8EB01EF7227A83EE0036A0AB /* Remote.swift in Sources */ = {isa = PBXBuildFile; fileRef = 8EB01EF6227A83EE0036A0AB /* Remote.swift */; };
		8EB01EF9227A843F0036A0AB /* DisposeBag.swift in Sources */ = {isa = PBXBuildFile; fileRef = 8EB01EF8227A843F0036A0AB /* DisposeBag.swift */; };
		8EB01EFB227A85620036A0AB /* UIAlertController+Extension.swift in Sources */ = {isa = PBXBuildFile; fileRef = 8EB01EFA227A85620036A0AB /* UIAlertController+Extension.swift */; };
		8EB01EFD227A85CC0036A0AB /* GlobalFunction.swift in Sources */ = {isa = PBXBuildFile; fileRef = 8EB01EFC227A85CC0036A0AB /* GlobalFunction.swift */; };
		8EB01EFF227A86110036A0AB /* After.swift in Sources */ = {isa = PBXBuildFile; fileRef = 8EB01EFE227A86110036A0AB /* After.swift */; };
		8EB01F01227A86AF0036A0AB /* Data_Extension.swift in Sources */ = {isa = PBXBuildFile; fileRef = 8EB01F00227A86AF0036A0AB /* Data_Extension.swift */; };
		A608BBE62271982E001BE2D4 /* MainFirstProfileTitleView.swift in Sources */ = {isa = PBXBuildFile; fileRef = A608BBE52271982E001BE2D4 /* MainFirstProfileTitleView.swift */; };
		A608BBE82271995D001BE2D4 /* MainFirstProfileTitleView.xib in Resources */ = {isa = PBXBuildFile; fileRef = A608BBE72271995D001BE2D4 /* MainFirstProfileTitleView.xib */; };
		A608BBEA22719A55001BE2D4 /* MainFirstProfileBottomView.xib in Resources */ = {isa = PBXBuildFile; fileRef = A608BBE922719A55001BE2D4 /* MainFirstProfileBottomView.xib */; };
		A608BBEC22719AFF001BE2D4 /* MainFirstProfileBottomView.swift in Sources */ = {isa = PBXBuildFile; fileRef = A608BBEB22719AFF001BE2D4 /* MainFirstProfileBottomView.swift */; };
		A608BBEE2271AF71001BE2D4 /* MainFirstProfileTitle2View.swift in Sources */ = {isa = PBXBuildFile; fileRef = A608BBED2271AF71001BE2D4 /* MainFirstProfileTitle2View.swift */; };
		A608BBF02271AF8E001BE2D4 /* MainFirstProfileTitle2View.xib in Resources */ = {isa = PBXBuildFile; fileRef = A608BBEF2271AF8E001BE2D4 /* MainFirstProfileTitle2View.xib */; };
		A63361D2231908A700715173 /* ComposerVC.swift in Sources */ = {isa = PBXBuildFile; fileRef = A63361D1231908A700715173 /* ComposerVC.swift */; };
		A63361DB23190D2C00715173 /* TestANaviVC.xib in Resources */ = {isa = PBXBuildFile; fileRef = A63361DA23190D2C00715173 /* TestANaviVC.xib */; };
		A63361DD23190E5100715173 /* TestInformationVC.xib in Resources */ = {isa = PBXBuildFile; fileRef = A63361DC23190E5100715173 /* TestInformationVC.xib */; };
		A63361DF2319176F00715173 /* TestBNaviVC.xib in Resources */ = {isa = PBXBuildFile; fileRef = A63361DE2319176F00715173 /* TestBNaviVC.xib */; };
		A635C5F323019D370062FE48 /* Animator.swift in Sources */ = {isa = PBXBuildFile; fileRef = A635C5F223019D370062FE48 /* Animator.swift */; };
		A6582CC322D4DED5005FBBC4 /* Looper.swift in Sources */ = {isa = PBXBuildFile; fileRef = A6582CC222D4DED5005FBBC4 /* Looper.swift */; };
		A6582CD522D6FCDD005FBBC4 /* Funcs.swift in Sources */ = {isa = PBXBuildFile; fileRef = A6582CD422D6FCDD005FBBC4 /* Funcs.swift */; };
		A69D8E0B22F2DE2300A849A7 /* ExceptionCatcher.h in Sources */ = {isa = PBXBuildFile; fileRef = A69D8E0A22F2DE2300A849A7 /* ExceptionCatcher.h */; };
		A6B4E44C231B77F60089B5F9 /* TestNaviVC.swift in Sources */ = {isa = PBXBuildFile; fileRef = A6B4E44B231B77F60089B5F9 /* TestNaviVC.swift */; };
		A6B4E44E231B78210089B5F9 /* TestInformationVC.swift in Sources */ = {isa = PBXBuildFile; fileRef = A6B4E44D231B78210089B5F9 /* TestInformationVC.swift */; };
		A6B4E451231B7AAF0089B5F9 /* TestCode.swift in Sources */ = {isa = PBXBuildFile; fileRef = A6B4E450231B7AAF0089B5F9 /* TestCode.swift */; };
		A6B4E453231B7FAA0089B5F9 /* Renderer.swift in Sources */ = {isa = PBXBuildFile; fileRef = A6B4E452231B7FAA0089B5F9 /* Renderer.swift */; };
		A6F5A9CB2259AC3E00F56367 /* AppDelegate.swift in Sources */ = {isa = PBXBuildFile; fileRef = A6F5A9CA2259AC3E00F56367 /* AppDelegate.swift */; };
		A6F5A9D02259AC3E00F56367 /* Main.storyboard in Resources */ = {isa = PBXBuildFile; fileRef = A6F5A9CE2259AC3E00F56367 /* Main.storyboard */; };
		A6F5A9D22259AC3F00F56367 /* Assets.xcassets in Resources */ = {isa = PBXBuildFile; fileRef = A6F5A9D12259AC3F00F56367 /* Assets.xcassets */; };
		A6F5A9D52259AC3F00F56367 /* LaunchScreen.storyboard in Resources */ = {isa = PBXBuildFile; fileRef = A6F5A9D32259AC3F00F56367 /* LaunchScreen.storyboard */; };
		A6F5A9DE2259AD6100F56367 /* ViewState.swift in Sources */ = {isa = PBXBuildFile; fileRef = A6F5A9DD2259AD6100F56367 /* ViewState.swift */; };
		A6F5A9E02259AE7000F56367 /* Renderable.swift in Sources */ = {isa = PBXBuildFile; fileRef = A6F5A9DF2259AE7000F56367 /* Renderable.swift */; };
		A6F5A9E22259B18800F56367 /* Throttle.swift in Sources */ = {isa = PBXBuildFile; fileRef = A6F5A9E12259B18800F56367 /* Throttle.swift */; };
		A6F5A9E82259B33600F56367 /* Main.FirstVC.swift in Sources */ = {isa = PBXBuildFile; fileRef = A6F5A9E62259B2D100F56367 /* Main.FirstVC.swift */; };
		A6F5A9EB225B5F3200F56367 /* MainFirstProfileContentView.swift in Sources */ = {isa = PBXBuildFile; fileRef = A6F5A9EA225B5F3200F56367 /* MainFirstProfileContentView.swift */; };
		A6F5A9EE225B61AC00F56367 /* UIButton+Extension.swift in Sources */ = {isa = PBXBuildFile; fileRef = A6F5A9ED225B61AC00F56367 /* UIButton+Extension.swift */; };
		A6F5A9F0225B640900F56367 /* UINib+Extension.swift in Sources */ = {isa = PBXBuildFile; fileRef = A6F5A9EF225B640900F56367 /* UINib+Extension.swift */; };
		A6F5A9F2225B643D00F56367 /* Sequence+Extension.swift in Sources */ = {isa = PBXBuildFile; fileRef = A6F5A9F1225B643D00F56367 /* Sequence+Extension.swift */; };
		A6F5A9F4225B646B00F56367 /* MainFirstProfileContentView.xib in Resources */ = {isa = PBXBuildFile; fileRef = A6F5A9F3225B646B00F56367 /* MainFirstProfileContentView.xib */; };
		A6F5A9F6225B66D000F56367 /* Main.Resolver.swift in Sources */ = {isa = PBXBuildFile; fileRef = A6F5A9F5225B66D000F56367 /* Main.Resolver.swift */; };
		A6F5A9F8225B66EB00F56367 /* Main.Model.swift in Sources */ = {isa = PBXBuildFile; fileRef = A6F5A9F7225B66EB00F56367 /* Main.Model.swift */; };
/* End PBXBuildFile section */

/* Begin PBXContainerItemProxy section */
		8EB01EE2227A81BA0036A0AB /* PBXContainerItemProxy */ = {
			isa = PBXContainerItemProxy;
			containerPortal = 8EB01ED7227A81BA0036A0AB /* Alamofire.xcodeproj */;
			proxyType = 2;
			remoteGlobalIDString = F8111E3319A95C8B0040E7D1;
			remoteInfo = "Alamofire iOS";
		};
		8EB01EE4227A81BA0036A0AB /* PBXContainerItemProxy */ = {
			isa = PBXContainerItemProxy;
			containerPortal = 8EB01ED7227A81BA0036A0AB /* Alamofire.xcodeproj */;
			proxyType = 2;
			remoteGlobalIDString = F8111E3E19A95C8B0040E7D1;
			remoteInfo = "Alamofire iOS Tests";
		};
		8EB01EE6227A81BA0036A0AB /* PBXContainerItemProxy */ = {
			isa = PBXContainerItemProxy;
			containerPortal = 8EB01ED7227A81BA0036A0AB /* Alamofire.xcodeproj */;
			proxyType = 2;
			remoteGlobalIDString = 4DD67C0B1A5C55C900ED2280;
			remoteInfo = "Alamofire macOS";
		};
		8EB01EE8227A81BA0036A0AB /* PBXContainerItemProxy */ = {
			isa = PBXContainerItemProxy;
			containerPortal = 8EB01ED7227A81BA0036A0AB /* Alamofire.xcodeproj */;
			proxyType = 2;
			remoteGlobalIDString = F829C6B21A7A94F100A2CD59;
			remoteInfo = "Alamofire macOS Tests";
		};
		8EB01EEA227A81BA0036A0AB /* PBXContainerItemProxy */ = {
			isa = PBXContainerItemProxy;
			containerPortal = 8EB01ED7227A81BA0036A0AB /* Alamofire.xcodeproj */;
			proxyType = 2;
			remoteGlobalIDString = 4CF626EF1BA7CB3E0011A099;
			remoteInfo = "Alamofire tvOS";
		};
		8EB01EEC227A81BA0036A0AB /* PBXContainerItemProxy */ = {
			isa = PBXContainerItemProxy;
			containerPortal = 8EB01ED7227A81BA0036A0AB /* Alamofire.xcodeproj */;
			proxyType = 2;
			remoteGlobalIDString = 4CF626F81BA7CB3E0011A099;
			remoteInfo = "Alamofire tvOS Tests";
		};
		8EB01EEE227A81BA0036A0AB /* PBXContainerItemProxy */ = {
			isa = PBXContainerItemProxy;
			containerPortal = 8EB01ED7227A81BA0036A0AB /* Alamofire.xcodeproj */;
			proxyType = 2;
			remoteGlobalIDString = E4202FE01B667AA100C997FB;
			remoteInfo = "Alamofire watchOS";
		};
		8EB01EF2227A82B90036A0AB /* PBXContainerItemProxy */ = {
			isa = PBXContainerItemProxy;
			containerPortal = 8EB01ED7227A81BA0036A0AB /* Alamofire.xcodeproj */;
			proxyType = 1;
			remoteGlobalIDString = F8111E3219A95C8B0040E7D1;
			remoteInfo = "Alamofire iOS";
		};
/* End PBXContainerItemProxy section */

/* Begin PBXCopyFilesBuildPhase section */
		8EB01EF4227A82B90036A0AB /* Embed Frameworks */ = {
			isa = PBXCopyFilesBuildPhase;
			buildActionMask = 2147483647;
			dstPath = "";
			dstSubfolderSpec = 10;
			files = (
				8EB01EF1227A82B90036A0AB /* Alamofire.framework in Embed Frameworks */,
			);
			name = "Embed Frameworks";
			runOnlyForDeploymentPostprocessing = 0;
		};
/* End PBXCopyFilesBuildPhase section */

/* Begin PBXFileReference section */
		8E488A32228D60F200001289 /* Dictionary+Extension.swift */ = {isa = PBXFileReference; lastKnownFileType = sourcecode.swift; path = "Dictionary+Extension.swift"; sourceTree = "<group>"; };
		8E488A3B228D641D00001289 /* Protocols.swift */ = {isa = PBXFileReference; lastKnownFileType = sourcecode.swift; path = Protocols.swift; sourceTree = "<group>"; };
		8E488A3D228D649E00001289 /* Log.swift */ = {isa = PBXFileReference; lastKnownFileType = sourcecode.swift; path = Log.swift; sourceTree = "<group>"; };
		8EB01ED7227A81BA0036A0AB /* Alamofire.xcodeproj */ = {isa = PBXFileReference; lastKnownFileType = "wrapper.pb-project"; name = Alamofire.xcodeproj; path = Alamofire/Alamofire.xcodeproj; sourceTree = "<group>"; };
		8EB01EF6227A83EE0036A0AB /* Remote.swift */ = {isa = PBXFileReference; lastKnownFileType = sourcecode.swift; path = Remote.swift; sourceTree = "<group>"; };
		8EB01EF8227A843F0036A0AB /* DisposeBag.swift */ = {isa = PBXFileReference; lastKnownFileType = sourcecode.swift; path = DisposeBag.swift; sourceTree = "<group>"; };
		8EB01EFA227A85620036A0AB /* UIAlertController+Extension.swift */ = {isa = PBXFileReference; lastKnownFileType = sourcecode.swift; path = "UIAlertController+Extension.swift"; sourceTree = "<group>"; };
		8EB01EFC227A85CC0036A0AB /* GlobalFunction.swift */ = {isa = PBXFileReference; lastKnownFileType = sourcecode.swift; path = GlobalFunction.swift; sourceTree = "<group>"; };
		8EB01EFE227A86110036A0AB /* After.swift */ = {isa = PBXFileReference; lastKnownFileType = sourcecode.swift; path = After.swift; sourceTree = "<group>"; };
		8EB01F00227A86AF0036A0AB /* Data_Extension.swift */ = {isa = PBXFileReference; lastKnownFileType = sourcecode.swift; path = Data_Extension.swift; sourceTree = "<group>"; };
		A608BBE52271982E001BE2D4 /* MainFirstProfileTitleView.swift */ = {isa = PBXFileReference; lastKnownFileType = sourcecode.swift; path = MainFirstProfileTitleView.swift; sourceTree = "<group>"; };
		A608BBE72271995D001BE2D4 /* MainFirstProfileTitleView.xib */ = {isa = PBXFileReference; lastKnownFileType = file.xib; path = MainFirstProfileTitleView.xib; sourceTree = "<group>"; };
		A608BBE922719A55001BE2D4 /* MainFirstProfileBottomView.xib */ = {isa = PBXFileReference; lastKnownFileType = file.xib; path = MainFirstProfileBottomView.xib; sourceTree = "<group>"; };
		A608BBEB22719AFF001BE2D4 /* MainFirstProfileBottomView.swift */ = {isa = PBXFileReference; lastKnownFileType = sourcecode.swift; path = MainFirstProfileBottomView.swift; sourceTree = "<group>"; };
		A608BBED2271AF71001BE2D4 /* MainFirstProfileTitle2View.swift */ = {isa = PBXFileReference; lastKnownFileType = sourcecode.swift; path = MainFirstProfileTitle2View.swift; sourceTree = "<group>"; };
		A608BBEF2271AF8E001BE2D4 /* MainFirstProfileTitle2View.xib */ = {isa = PBXFileReference; lastKnownFileType = file.xib; path = MainFirstProfileTitle2View.xib; sourceTree = "<group>"; };
		A63361D1231908A700715173 /* ComposerVC.swift */ = {isa = PBXFileReference; lastKnownFileType = sourcecode.swift; path = ComposerVC.swift; sourceTree = "<group>"; };
		A63361DA23190D2C00715173 /* TestANaviVC.xib */ = {isa = PBXFileReference; lastKnownFileType = file.xib; path = TestANaviVC.xib; sourceTree = "<group>"; };
		A63361DC23190E5100715173 /* TestInformationVC.xib */ = {isa = PBXFileReference; lastKnownFileType = file.xib; path = TestInformationVC.xib; sourceTree = "<group>"; };
		A63361DE2319176F00715173 /* TestBNaviVC.xib */ = {isa = PBXFileReference; lastKnownFileType = file.xib; path = TestBNaviVC.xib; sourceTree = "<group>"; };
		A635C5F223019D370062FE48 /* Animator.swift */ = {isa = PBXFileReference; lastKnownFileType = sourcecode.swift; path = Animator.swift; sourceTree = "<group>"; };
		A6582CC222D4DED5005FBBC4 /* Looper.swift */ = {isa = PBXFileReference; lastKnownFileType = sourcecode.swift; path = Looper.swift; sourceTree = "<group>"; };
		A6582CD422D6FCDD005FBBC4 /* Funcs.swift */ = {isa = PBXFileReference; lastKnownFileType = sourcecode.swift; path = Funcs.swift; sourceTree = "<group>"; };
		A69D8E0922F2DE2300A849A7 /* iOS_SandBox-Bridging-Header.h */ = {isa = PBXFileReference; lastKnownFileType = sourcecode.c.h; path = "iOS_SandBox-Bridging-Header.h"; sourceTree = "<group>"; };
		A69D8E0A22F2DE2300A849A7 /* ExceptionCatcher.h */ = {isa = PBXFileReference; lastKnownFileType = sourcecode.c.h; path = ExceptionCatcher.h; sourceTree = "<group>"; };
		A6B4E44B231B77F60089B5F9 /* TestNaviVC.swift */ = {isa = PBXFileReference; lastKnownFileType = sourcecode.swift; path = TestNaviVC.swift; sourceTree = "<group>"; };
		A6B4E44D231B78210089B5F9 /* TestInformationVC.swift */ = {isa = PBXFileReference; lastKnownFileType = sourcecode.swift; path = TestInformationVC.swift; sourceTree = "<group>"; };
		A6B4E450231B7AAF0089B5F9 /* TestCode.swift */ = {isa = PBXFileReference; lastKnownFileType = sourcecode.swift; path = TestCode.swift; sourceTree = "<group>"; };
		A6B4E452231B7FAA0089B5F9 /* Renderer.swift */ = {isa = PBXFileReference; lastKnownFileType = sourcecode.swift; path = Renderer.swift; sourceTree = "<group>"; };
		A6F5A9C72259AC3E00F56367 /* iOS_SandBox.app */ = {isa = PBXFileReference; explicitFileType = wrapper.application; includeInIndex = 0; path = iOS_SandBox.app; sourceTree = BUILT_PRODUCTS_DIR; };
		A6F5A9CA2259AC3E00F56367 /* AppDelegate.swift */ = {isa = PBXFileReference; lastKnownFileType = sourcecode.swift; path = AppDelegate.swift; sourceTree = "<group>"; };
		A6F5A9CF2259AC3E00F56367 /* Base */ = {isa = PBXFileReference; lastKnownFileType = file.storyboard; name = Base; path = Base.lproj/Main.storyboard; sourceTree = "<group>"; };
		A6F5A9D12259AC3F00F56367 /* Assets.xcassets */ = {isa = PBXFileReference; lastKnownFileType = folder.assetcatalog; path = Assets.xcassets; sourceTree = "<group>"; };
		A6F5A9D42259AC3F00F56367 /* Base */ = {isa = PBXFileReference; lastKnownFileType = file.storyboard; name = Base; path = Base.lproj/LaunchScreen.storyboard; sourceTree = "<group>"; };
		A6F5A9D62259AC3F00F56367 /* Info.plist */ = {isa = PBXFileReference; lastKnownFileType = text.plist.xml; path = Info.plist; sourceTree = "<group>"; };
		A6F5A9DD2259AD6100F56367 /* ViewState.swift */ = {isa = PBXFileReference; lastKnownFileType = sourcecode.swift; path = ViewState.swift; sourceTree = "<group>"; };
		A6F5A9DF2259AE7000F56367 /* Renderable.swift */ = {isa = PBXFileReference; lastKnownFileType = sourcecode.swift; path = Renderable.swift; sourceTree = "<group>"; };
		A6F5A9E12259B18800F56367 /* Throttle.swift */ = {isa = PBXFileReference; lastKnownFileType = sourcecode.swift; path = Throttle.swift; sourceTree = "<group>"; };
		A6F5A9E62259B2D100F56367 /* Main.FirstVC.swift */ = {isa = PBXFileReference; lastKnownFileType = sourcecode.swift; path = Main.FirstVC.swift; sourceTree = "<group>"; };
		A6F5A9EA225B5F3200F56367 /* MainFirstProfileContentView.swift */ = {isa = PBXFileReference; lastKnownFileType = sourcecode.swift; path = MainFirstProfileContentView.swift; sourceTree = "<group>"; };
		A6F5A9ED225B61AC00F56367 /* UIButton+Extension.swift */ = {isa = PBXFileReference; lastKnownFileType = sourcecode.swift; path = "UIButton+Extension.swift"; sourceTree = "<group>"; };
		A6F5A9EF225B640900F56367 /* UINib+Extension.swift */ = {isa = PBXFileReference; lastKnownFileType = sourcecode.swift; path = "UINib+Extension.swift"; sourceTree = "<group>"; };
		A6F5A9F1225B643D00F56367 /* Sequence+Extension.swift */ = {isa = PBXFileReference; lastKnownFileType = sourcecode.swift; path = "Sequence+Extension.swift"; sourceTree = "<group>"; };
		A6F5A9F3225B646B00F56367 /* MainFirstProfileContentView.xib */ = {isa = PBXFileReference; lastKnownFileType = file.xib; path = MainFirstProfileContentView.xib; sourceTree = "<group>"; };
		A6F5A9F5225B66D000F56367 /* Main.Resolver.swift */ = {isa = PBXFileReference; lastKnownFileType = sourcecode.swift; path = Main.Resolver.swift; sourceTree = "<group>"; };
		A6F5A9F7225B66EB00F56367 /* Main.Model.swift */ = {isa = PBXFileReference; lastKnownFileType = sourcecode.swift; path = Main.Model.swift; sourceTree = "<group>"; };
/* End PBXFileReference section */

/* Begin PBXFrameworksBuildPhase section */
		A6F5A9C42259AC3E00F56367 /* Frameworks */ = {
			isa = PBXFrameworksBuildPhase;
			buildActionMask = 2147483647;
			files = (
				8EB01EF0227A82B90036A0AB /* Alamofire.framework in Frameworks */,
			);
			runOnlyForDeploymentPostprocessing = 0;
		};
/* End PBXFrameworksBuildPhase section */

/* Begin PBXGroup section */
		8EB01ED8227A81BA0036A0AB /* Products */ = {
			isa = PBXGroup;
			children = (
				8EB01EE3227A81BA0036A0AB /* Alamofire.framework */,
				8EB01EE5227A81BA0036A0AB /* Alamofire iOS Tests.xctest */,
				8EB01EE7227A81BA0036A0AB /* Alamofire.framework */,
				8EB01EE9227A81BA0036A0AB /* Alamofire macOS Tests.xctest */,
				8EB01EEB227A81BA0036A0AB /* Alamofire.framework */,
				8EB01EED227A81BA0036A0AB /* Alamofire tvOS Tests.xctest */,
				8EB01EEF227A81BA0036A0AB /* Alamofire.framework */,
			);
			name = Products;
			sourceTree = "<group>";
		};
		8EB01EF5227A83C80036A0AB /* Utilities */ = {
			isa = PBXGroup;
			children = (
				8EB01EF6227A83EE0036A0AB /* Remote.swift */,
				8EB01EF8227A843F0036A0AB /* DisposeBag.swift */,
				8EB01EFC227A85CC0036A0AB /* GlobalFunction.swift */,
				8EB01EFE227A86110036A0AB /* After.swift */,
				8E488A3B228D641D00001289 /* Protocols.swift */,
				8E488A3D228D649E00001289 /* Log.swift */,
				A635C5F223019D370062FE48 /* Animator.swift */,
			);
			path = Utilities;
			sourceTree = "<group>";
		};
		A6582CCC22D6FCAF005FBBC4 /* Function */ = {
			isa = PBXGroup;
			children = (
				A6582CD422D6FCDD005FBBC4 /* Funcs.swift */,
			);
			path = Function;
			sourceTree = "<group>";
		};
		A6B4E44A231B77BE0089B5F9 /* Second */ = {
			isa = PBXGroup;
			children = (
				A6B4E44B231B77F60089B5F9 /* TestNaviVC.swift */,
				A63361DA23190D2C00715173 /* TestANaviVC.xib */,
				A63361DE2319176F00715173 /* TestBNaviVC.xib */,
				A6B4E44D231B78210089B5F9 /* TestInformationVC.swift */,
				A63361DC23190E5100715173 /* TestInformationVC.xib */,
			);
			path = Second;
			sourceTree = "<group>";
		};
		A6B4E44F231B7A920089B5F9 /* _Test */ = {
			isa = PBXGroup;
			children = (
				A6B4E450231B7AAF0089B5F9 /* TestCode.swift */,
			);
			path = _Test;
			sourceTree = "<group>";
		};
		A6F5A9BE2259AC3E00F56367 = {
			isa = PBXGroup;
			children = (
				8EB01ED7227A81BA0036A0AB /* Alamofire.xcodeproj */,
				A6F5A9C92259AC3E00F56367 /* iOS_SandBox */,
				A6F5A9C82259AC3E00F56367 /* Products */,
			);
			sourceTree = "<group>";
		};
		A6F5A9C82259AC3E00F56367 /* Products */ = {
			isa = PBXGroup;
			children = (
				A6F5A9C72259AC3E00F56367 /* iOS_SandBox.app */,
			);
			name = Products;
			sourceTree = "<group>";
		};
		A6F5A9C92259AC3E00F56367 /* iOS_SandBox */ = {
			isa = PBXGroup;
			children = (
				A6B4E44F231B7A920089B5F9 /* _Test */,
				A6582CCC22D6FCAF005FBBC4 /* Function */,
				A6F5A9EC225B619000F56367 /* Extensions */,
				A6F5A9DC2259AD3900F56367 /* Framework */,
				8EB01EF5227A83C80036A0AB /* Utilities */,
				A6F5A9E32259B29600F56367 /* Main */,
				A6F5A9CA2259AC3E00F56367 /* AppDelegate.swift */,
				A6F5A9D12259AC3F00F56367 /* Assets.xcassets */,
				A6F5A9D32259AC3F00F56367 /* LaunchScreen.storyboard */,
				A6F5A9D62259AC3F00F56367 /* Info.plist */,
			);
			path = iOS_SandBox;
			sourceTree = "<group>";
		};
		A6F5A9DC2259AD3900F56367 /* Framework */ = {
			isa = PBXGroup;
			children = (
				A6F5A9DD2259AD6100F56367 /* ViewState.swift */,
				A6F5A9DF2259AE7000F56367 /* Renderable.swift */,
				A6F5A9E12259B18800F56367 /* Throttle.swift */,
				A6582CC222D4DED5005FBBC4 /* Looper.swift */,
				A63361D1231908A700715173 /* ComposerVC.swift */,
				A69D8E0A22F2DE2300A849A7 /* ExceptionCatcher.h */,
				A6B4E452231B7FAA0089B5F9 /* Renderer.swift */,
				A69D8E0922F2DE2300A849A7 /* iOS_SandBox-Bridging-Header.h */,
			);
			path = Framework;
			sourceTree = "<group>";
		};
		A6F5A9E32259B29600F56367 /* Main */ = {
			isa = PBXGroup;
			children = (
				A6F5A9E42259B2B500F56367 /* First */,
				A6B4E44A231B77BE0089B5F9 /* Second */,
				A6F5A9CE2259AC3E00F56367 /* Main.storyboard */,
			);
			path = Main;
			sourceTree = "<group>";
		};
		A6F5A9E42259B2B500F56367 /* First */ = {
			isa = PBXGroup;
			children = (
				A6F5A9E9225B5F1500F56367 /* views */,
				A6F5A9E62259B2D100F56367 /* Main.FirstVC.swift */,
				A6F5A9F5225B66D000F56367 /* Main.Resolver.swift */,
				A6F5A9F7225B66EB00F56367 /* Main.Model.swift */,
			);
			path = First;
			sourceTree = "<group>";
		};
		A6F5A9E9225B5F1500F56367 /* views */ = {
			isa = PBXGroup;
			children = (
				A608BBE52271982E001BE2D4 /* MainFirstProfileTitleView.swift */,
				A608BBE72271995D001BE2D4 /* MainFirstProfileTitleView.xib */,
				A608BBED2271AF71001BE2D4 /* MainFirstProfileTitle2View.swift */,
				A608BBEF2271AF8E001BE2D4 /* MainFirstProfileTitle2View.xib */,
				A6F5A9EA225B5F3200F56367 /* MainFirstProfileContentView.swift */,
				A6F5A9F3225B646B00F56367 /* MainFirstProfileContentView.xib */,
				A608BBEB22719AFF001BE2D4 /* MainFirstProfileBottomView.swift */,
				A608BBE922719A55001BE2D4 /* MainFirstProfileBottomView.xib */,
			);
			path = views;
			sourceTree = "<group>";
		};
		A6F5A9EC225B619000F56367 /* Extensions */ = {
			isa = PBXGroup;
			children = (
				8EB01F00227A86AF0036A0AB /* Data_Extension.swift */,
				A6F5A9F1225B643D00F56367 /* Sequence+Extension.swift */,
				8EB01EFA227A85620036A0AB /* UIAlertController+Extension.swift */,
				A6F5A9ED225B61AC00F56367 /* UIButton+Extension.swift */,
				A6F5A9EF225B640900F56367 /* UINib+Extension.swift */,
				8E488A32228D60F200001289 /* Dictionary+Extension.swift */,
			);
			path = Extensions;
			sourceTree = "<group>";
		};
/* End PBXGroup section */

/* Begin PBXNativeTarget section */
		A6F5A9C62259AC3E00F56367 /* iOS_SandBox */ = {
			isa = PBXNativeTarget;
			buildConfigurationList = A6F5A9D92259AC3F00F56367 /* Build configuration list for PBXNativeTarget "iOS_SandBox" */;
			buildPhases = (
				A6F5A9C32259AC3E00F56367 /* Sources */,
				A6F5A9C42259AC3E00F56367 /* Frameworks */,
				A6F5A9C52259AC3E00F56367 /* Resources */,
				8EB01EF4227A82B90036A0AB /* Embed Frameworks */,
			);
			buildRules = (
			);
			dependencies = (
				8EB01EF3227A82B90036A0AB /* PBXTargetDependency */,
			);
			name = iOS_SandBox;
			productName = iOS_SandBox;
			productReference = A6F5A9C72259AC3E00F56367 /* iOS_SandBox.app */;
			productType = "com.apple.product-type.application";
		};
/* End PBXNativeTarget section */

/* Begin PBXProject section */
		A6F5A9BF2259AC3E00F56367 /* Project object */ = {
			isa = PBXProject;
			attributes = {
				LastSwiftUpdateCheck = 1020;
				LastUpgradeCheck = 1020;
				ORGANIZATIONNAME = BSide_Yoru_Study;
				TargetAttributes = {
					A6F5A9C62259AC3E00F56367 = {
						CreatedOnToolsVersion = 10.2;
						LastSwiftMigration = 1030;
					};
				};
			};
			buildConfigurationList = A6F5A9C22259AC3E00F56367 /* Build configuration list for PBXProject "iOS_SandBox" */;
			compatibilityVersion = "Xcode 9.3";
			developmentRegion = en;
			hasScannedForEncodings = 0;
			knownRegions = (
				en,
				Base,
			);
			mainGroup = A6F5A9BE2259AC3E00F56367;
			productRefGroup = A6F5A9C82259AC3E00F56367 /* Products */;
			projectDirPath = "";
			projectReferences = (
				{
					ProductGroup = 8EB01ED8227A81BA0036A0AB /* Products */;
					ProjectRef = 8EB01ED7227A81BA0036A0AB /* Alamofire.xcodeproj */;
				},
			);
			projectRoot = "";
			targets = (
				A6F5A9C62259AC3E00F56367 /* iOS_SandBox */,
			);
		};
/* End PBXProject section */

/* Begin PBXReferenceProxy section */
		8EB01EE3227A81BA0036A0AB /* Alamofire.framework */ = {
			isa = PBXReferenceProxy;
			fileType = wrapper.framework;
			path = Alamofire.framework;
			remoteRef = 8EB01EE2227A81BA0036A0AB /* PBXContainerItemProxy */;
			sourceTree = BUILT_PRODUCTS_DIR;
		};
		8EB01EE5227A81BA0036A0AB /* Alamofire iOS Tests.xctest */ = {
			isa = PBXReferenceProxy;
			fileType = wrapper.cfbundle;
			path = "Alamofire iOS Tests.xctest";
			remoteRef = 8EB01EE4227A81BA0036A0AB /* PBXContainerItemProxy */;
			sourceTree = BUILT_PRODUCTS_DIR;
		};
		8EB01EE7227A81BA0036A0AB /* Alamofire.framework */ = {
			isa = PBXReferenceProxy;
			fileType = wrapper.framework;
			path = Alamofire.framework;
			remoteRef = 8EB01EE6227A81BA0036A0AB /* PBXContainerItemProxy */;
			sourceTree = BUILT_PRODUCTS_DIR;
		};
		8EB01EE9227A81BA0036A0AB /* Alamofire macOS Tests.xctest */ = {
			isa = PBXReferenceProxy;
			fileType = wrapper.cfbundle;
			path = "Alamofire macOS Tests.xctest";
			remoteRef = 8EB01EE8227A81BA0036A0AB /* PBXContainerItemProxy */;
			sourceTree = BUILT_PRODUCTS_DIR;
		};
		8EB01EEB227A81BA0036A0AB /* Alamofire.framework */ = {
			isa = PBXReferenceProxy;
			fileType = wrapper.framework;
			path = Alamofire.framework;
			remoteRef = 8EB01EEA227A81BA0036A0AB /* PBXContainerItemProxy */;
			sourceTree = BUILT_PRODUCTS_DIR;
		};
		8EB01EED227A81BA0036A0AB /* Alamofire tvOS Tests.xctest */ = {
			isa = PBXReferenceProxy;
			fileType = wrapper.cfbundle;
			path = "Alamofire tvOS Tests.xctest";
			remoteRef = 8EB01EEC227A81BA0036A0AB /* PBXContainerItemProxy */;
			sourceTree = BUILT_PRODUCTS_DIR;
		};
		8EB01EEF227A81BA0036A0AB /* Alamofire.framework */ = {
			isa = PBXReferenceProxy;
			fileType = wrapper.framework;
			path = Alamofire.framework;
			remoteRef = 8EB01EEE227A81BA0036A0AB /* PBXContainerItemProxy */;
			sourceTree = BUILT_PRODUCTS_DIR;
		};
/* End PBXReferenceProxy section */

/* Begin PBXResourcesBuildPhase section */
		A6F5A9C52259AC3E00F56367 /* Resources */ = {
			isa = PBXResourcesBuildPhase;
			buildActionMask = 2147483647;
			files = (
				A608BBE82271995D001BE2D4 /* MainFirstProfileTitleView.xib in Resources */,
				A63361DD23190E5100715173 /* TestInformationVC.xib in Resources */,
				A608BBEA22719A55001BE2D4 /* MainFirstProfileBottomView.xib in Resources */,
				A63361DF2319176F00715173 /* TestBNaviVC.xib in Resources */,
				A608BBF02271AF8E001BE2D4 /* MainFirstProfileTitle2View.xib in Resources */,
				A63361DB23190D2C00715173 /* TestANaviVC.xib in Resources */,
				A6F5A9D52259AC3F00F56367 /* LaunchScreen.storyboard in Resources */,
				A6F5A9D22259AC3F00F56367 /* Assets.xcassets in Resources */,
				A6F5A9F4225B646B00F56367 /* MainFirstProfileContentView.xib in Resources */,
				A6F5A9D02259AC3E00F56367 /* Main.storyboard in Resources */,
			);
			runOnlyForDeploymentPostprocessing = 0;
		};
/* End PBXResourcesBuildPhase section */

/* Begin PBXSourcesBuildPhase section */
		A6F5A9C32259AC3E00F56367 /* Sources */ = {
			isa = PBXSourcesBuildPhase;
			buildActionMask = 2147483647;
			files = (
				A6B4E453231B7FAA0089B5F9 /* Renderer.swift in Sources */,
				A635C5F323019D370062FE48 /* Animator.swift in Sources */,
				A6F5A9E82259B33600F56367 /* Main.FirstVC.swift in Sources */,
				8E488A3E228D649E00001289 /* Log.swift in Sources */,
				A6F5A9F2225B643D00F56367 /* Sequence+Extension.swift in Sources */,
				A608BBEC22719AFF001BE2D4 /* MainFirstProfileBottomView.swift in Sources */,
				8E488A3C228D641D00001289 /* Protocols.swift in Sources */,
				A6F5A9F8225B66EB00F56367 /* Main.Model.swift in Sources */,
				A6B4E451231B7AAF0089B5F9 /* TestCode.swift in Sources */,
				A69D8E0B22F2DE2300A849A7 /* ExceptionCatcher.h in Sources */,
				8EB01EFD227A85CC0036A0AB /* GlobalFunction.swift in Sources */,
				A6F5A9F0225B640900F56367 /* UINib+Extension.swift in Sources */,
				A6582CC322D4DED5005FBBC4 /* Looper.swift in Sources */,
				A6F5A9CB2259AC3E00F56367 /* AppDelegate.swift in Sources */,
				A6F5A9EB225B5F3200F56367 /* MainFirstProfileContentView.swift in Sources */,
				8E488A33228D60F200001289 /* Dictionary+Extension.swift in Sources */,
				A6F5A9DE2259AD6100F56367 /* ViewState.swift in Sources */,
				8EB01F01227A86AF0036A0AB /* Data_Extension.swift in Sources */,
				A608BBEE2271AF71001BE2D4 /* MainFirstProfileTitle2View.swift in Sources */,
				A6F5A9F6225B66D000F56367 /* Main.Resolver.swift in Sources */,
				A6F5A9EE225B61AC00F56367 /* UIButton+Extension.swift in Sources */,
				8EB01EF7227A83EE0036A0AB /* Remote.swift in Sources */,
				A6B4E44E231B78210089B5F9 /* TestInformationVC.swift in Sources */,
				8EB01EF9227A843F0036A0AB /* DisposeBag.swift in Sources */,
				A6582CD522D6FCDD005FBBC4 /* Funcs.swift in Sources */,
				A63361D2231908A700715173 /* ComposerVC.swift in Sources */,
				8EB01EFB227A85620036A0AB /* UIAlertController+Extension.swift in Sources */,
				A608BBE62271982E001BE2D4 /* MainFirstProfileTitleView.swift in Sources */,
				8EB01EFF227A86110036A0AB /* After.swift in Sources */,
				A6F5A9E22259B18800F56367 /* Throttle.swift in Sources */,
				A6B4E44C231B77F60089B5F9 /* TestNaviVC.swift in Sources */,
				A6F5A9E02259AE7000F56367 /* Renderable.swift in Sources */,
			);
			runOnlyForDeploymentPostprocessing = 0;
		};
/* End PBXSourcesBuildPhase section */

/* Begin PBXTargetDependency section */
		8EB01EF3227A82B90036A0AB /* PBXTargetDependency */ = {
			isa = PBXTargetDependency;
			name = "Alamofire iOS";
			targetProxy = 8EB01EF2227A82B90036A0AB /* PBXContainerItemProxy */;
		};
/* End PBXTargetDependency section */

/* Begin PBXVariantGroup section */
		A6F5A9CE2259AC3E00F56367 /* Main.storyboard */ = {
			isa = PBXVariantGroup;
			children = (
				A6F5A9CF2259AC3E00F56367 /* Base */,
			);
			name = Main.storyboard;
			sourceTree = "<group>";
		};
		A6F5A9D32259AC3F00F56367 /* LaunchScreen.storyboard */ = {
			isa = PBXVariantGroup;
			children = (
				A6F5A9D42259AC3F00F56367 /* Base */,
			);
			name = LaunchScreen.storyboard;
			sourceTree = "<group>";
		};
/* End PBXVariantGroup section */

/* Begin XCBuildConfiguration section */
		A6F5A9D72259AC3F00F56367 /* Debug */ = {
			isa = XCBuildConfiguration;
			buildSettings = {
				ALWAYS_SEARCH_USER_PATHS = NO;
				CLANG_ANALYZER_NONNULL = YES;
				CLANG_ANALYZER_NUMBER_OBJECT_CONVERSION = YES_AGGRESSIVE;
				CLANG_CXX_LANGUAGE_STANDARD = "gnu++14";
				CLANG_CXX_LIBRARY = "libc++";
				CLANG_ENABLE_MODULES = YES;
				CLANG_ENABLE_OBJC_ARC = YES;
				CLANG_ENABLE_OBJC_WEAK = YES;
				CLANG_WARN_BLOCK_CAPTURE_AUTORELEASING = YES;
				CLANG_WARN_BOOL_CONVERSION = YES;
				CLANG_WARN_COMMA = YES;
				CLANG_WARN_CONSTANT_CONVERSION = YES;
				CLANG_WARN_DEPRECATED_OBJC_IMPLEMENTATIONS = YES;
				CLANG_WARN_DIRECT_OBJC_ISA_USAGE = YES_ERROR;
				CLANG_WARN_DOCUMENTATION_COMMENTS = YES;
				CLANG_WARN_EMPTY_BODY = YES;
				CLANG_WARN_ENUM_CONVERSION = YES;
				CLANG_WARN_INFINITE_RECURSION = YES;
				CLANG_WARN_INT_CONVERSION = YES;
				CLANG_WARN_NON_LITERAL_NULL_CONVERSION = YES;
				CLANG_WARN_OBJC_IMPLICIT_RETAIN_SELF = YES;
				CLANG_WARN_OBJC_LITERAL_CONVERSION = YES;
				CLANG_WARN_OBJC_ROOT_CLASS = YES_ERROR;
				CLANG_WARN_RANGE_LOOP_ANALYSIS = YES;
				CLANG_WARN_STRICT_PROTOTYPES = YES;
				CLANG_WARN_SUSPICIOUS_MOVE = YES;
				CLANG_WARN_UNGUARDED_AVAILABILITY = YES_AGGRESSIVE;
				CLANG_WARN_UNREACHABLE_CODE = YES;
				CLANG_WARN__DUPLICATE_METHOD_MATCH = YES;
				CODE_SIGN_IDENTITY = "iPhone Developer";
				COPY_PHASE_STRIP = NO;
				DEBUG_INFORMATION_FORMAT = dwarf;
				ENABLE_STRICT_OBJC_MSGSEND = YES;
				ENABLE_TESTABILITY = YES;
				GCC_C_LANGUAGE_STANDARD = gnu11;
				GCC_DYNAMIC_NO_PIC = NO;
				GCC_NO_COMMON_BLOCKS = YES;
				GCC_OPTIMIZATION_LEVEL = 0;
				GCC_PREPROCESSOR_DEFINITIONS = (
					"DEBUG=1",
					"$(inherited)",
				);
				GCC_WARN_64_TO_32_BIT_CONVERSION = YES;
				GCC_WARN_ABOUT_RETURN_TYPE = YES_ERROR;
				GCC_WARN_UNDECLARED_SELECTOR = YES;
				GCC_WARN_UNINITIALIZED_AUTOS = YES_AGGRESSIVE;
				GCC_WARN_UNUSED_FUNCTION = YES;
				GCC_WARN_UNUSED_VARIABLE = YES;
				IPHONEOS_DEPLOYMENT_TARGET = 10.1;
				MTL_ENABLE_DEBUG_INFO = INCLUDE_SOURCE;
				MTL_FAST_MATH = YES;
				ONLY_ACTIVE_ARCH = YES;
				SDKROOT = iphoneos;
				SWIFT_ACTIVE_COMPILATION_CONDITIONS = DEBUG;
				SWIFT_OPTIMIZATION_LEVEL = "-Onone";
			};
			name = Debug;
		};
		A6F5A9D82259AC3F00F56367 /* Release */ = {
			isa = XCBuildConfiguration;
			buildSettings = {
				ALWAYS_SEARCH_USER_PATHS = NO;
				CLANG_ANALYZER_NONNULL = YES;
				CLANG_ANALYZER_NUMBER_OBJECT_CONVERSION = YES_AGGRESSIVE;
				CLANG_CXX_LANGUAGE_STANDARD = "gnu++14";
				CLANG_CXX_LIBRARY = "libc++";
				CLANG_ENABLE_MODULES = YES;
				CLANG_ENABLE_OBJC_ARC = YES;
				CLANG_ENABLE_OBJC_WEAK = YES;
				CLANG_WARN_BLOCK_CAPTURE_AUTORELEASING = YES;
				CLANG_WARN_BOOL_CONVERSION = YES;
				CLANG_WARN_COMMA = YES;
				CLANG_WARN_CONSTANT_CONVERSION = YES;
				CLANG_WARN_DEPRECATED_OBJC_IMPLEMENTATIONS = YES;
				CLANG_WARN_DIRECT_OBJC_ISA_USAGE = YES_ERROR;
				CLANG_WARN_DOCUMENTATION_COMMENTS = YES;
				CLANG_WARN_EMPTY_BODY = YES;
				CLANG_WARN_ENUM_CONVERSION = YES;
				CLANG_WARN_INFINITE_RECURSION = YES;
				CLANG_WARN_INT_CONVERSION = YES;
				CLANG_WARN_NON_LITERAL_NULL_CONVERSION = YES;
				CLANG_WARN_OBJC_IMPLICIT_RETAIN_SELF = YES;
				CLANG_WARN_OBJC_LITERAL_CONVERSION = YES;
				CLANG_WARN_OBJC_ROOT_CLASS = YES_ERROR;
				CLANG_WARN_RANGE_LOOP_ANALYSIS = YES;
				CLANG_WARN_STRICT_PROTOTYPES = YES;
				CLANG_WARN_SUSPICIOUS_MOVE = YES;
				CLANG_WARN_UNGUARDED_AVAILABILITY = YES_AGGRESSIVE;
				CLANG_WARN_UNREACHABLE_CODE = YES;
				CLANG_WARN__DUPLICATE_METHOD_MATCH = YES;
				CODE_SIGN_IDENTITY = "iPhone Developer";
				COPY_PHASE_STRIP = NO;
				DEBUG_INFORMATION_FORMAT = "dwarf-with-dsym";
				ENABLE_NS_ASSERTIONS = NO;
				ENABLE_STRICT_OBJC_MSGSEND = YES;
				GCC_C_LANGUAGE_STANDARD = gnu11;
				GCC_NO_COMMON_BLOCKS = YES;
				GCC_WARN_64_TO_32_BIT_CONVERSION = YES;
				GCC_WARN_ABOUT_RETURN_TYPE = YES_ERROR;
				GCC_WARN_UNDECLARED_SELECTOR = YES;
				GCC_WARN_UNINITIALIZED_AUTOS = YES_AGGRESSIVE;
				GCC_WARN_UNUSED_FUNCTION = YES;
				GCC_WARN_UNUSED_VARIABLE = YES;
				IPHONEOS_DEPLOYMENT_TARGET = 10.1;
				MTL_ENABLE_DEBUG_INFO = NO;
				MTL_FAST_MATH = YES;
				SDKROOT = iphoneos;
				SWIFT_COMPILATION_MODE = wholemodule;
				SWIFT_OPTIMIZATION_LEVEL = "-O";
				VALIDATE_PRODUCT = YES;
			};
			name = Release;
		};
		A6F5A9DA2259AC3F00F56367 /* Debug */ = {
			isa = XCBuildConfiguration;
			buildSettings = {
				ALWAYS_EMBED_SWIFT_STANDARD_LIBRARIES = YES;
				ASSETCATALOG_COMPILER_APPICON_NAME = AppIcon;
				CLANG_ENABLE_MODULES = YES;
				CODE_SIGN_STYLE = Automatic;
				DEVELOPMENT_TEAM = 5M2GQ2DR6P;
				INFOPLIST_FILE = iOS_SandBox/Info.plist;
				LD_RUNPATH_SEARCH_PATHS = (
					"$(inherited)",
					"@executable_path/Frameworks",
				);
				PRODUCT_BUNDLE_IDENTIFIER = "BSide-Yoru-Study.iOS-SandBox";
				PRODUCT_NAME = "$(TARGET_NAME)";
				SWIFT_OBJC_BRIDGING_HEADER = "iOS_SandBox/Framework/iOS_SandBox-Bridging-Header.h";
				SWIFT_OPTIMIZATION_LEVEL = "-Onone";
				SWIFT_VERSION = 5.0;
				TARGETED_DEVICE_FAMILY = "1,2";
			};
			name = Debug;
		};
		A6F5A9DB2259AC3F00F56367 /* Release */ = {
			isa = XCBuildConfiguration;
			buildSettings = {
				ALWAYS_EMBED_SWIFT_STANDARD_LIBRARIES = YES;
				ASSETCATALOG_COMPILER_APPICON_NAME = AppIcon;
				CLANG_ENABLE_MODULES = YES;
				CODE_SIGN_STYLE = Automatic;
				DEVELOPMENT_TEAM = 5M2GQ2DR6P;
				INFOPLIST_FILE = iOS_SandBox/Info.plist;
				LD_RUNPATH_SEARCH_PATHS = (
					"$(inherited)",
					"@executable_path/Frameworks",
				);
				PRODUCT_BUNDLE_IDENTIFIER = "BSide-Yoru-Study.iOS-SandBox";
				PRODUCT_NAME = "$(TARGET_NAME)";
				SWIFT_OBJC_BRIDGING_HEADER = "iOS_SandBox/Framework/iOS_SandBox-Bridging-Header.h";
				SWIFT_VERSION = 5.0;
				TARGETED_DEVICE_FAMILY = "1,2";
			};
			name = Release;
		};
/* End XCBuildConfiguration section */

/* Begin XCConfigurationList section */
		A6F5A9C22259AC3E00F56367 /* Build configuration list for PBXProject "iOS_SandBox" */ = {
			isa = XCConfigurationList;
			buildConfigurations = (
				A6F5A9D72259AC3F00F56367 /* Debug */,
				A6F5A9D82259AC3F00F56367 /* Release */,
			);
			defaultConfigurationIsVisible = 0;
			defaultConfigurationName = Release;
		};
		A6F5A9D92259AC3F00F56367 /* Build configuration list for PBXNativeTarget "iOS_SandBox" */ = {
			isa = XCConfigurationList;
			buildConfigurations = (
				A6F5A9DA2259AC3F00F56367 /* Debug */,
				A6F5A9DB2259AC3F00F56367 /* Release */,
			);
			defaultConfigurationIsVisible = 0;
			defaultConfigurationName = Release;
		};
/* End XCConfigurationList section */
	};
	rootObject = A6F5A9BF2259AC3E00F56367 /* Project object */;
}
